// !$*UTF8*$!
{
	archiveVersion = 1;
	classes = {
	};
	objectVersion = 55;
	objects = {

/* Begin PBXBuildFile section */
		4F4D24699CC5299A3407BB97 /* Pods_Stocks.framework in Frameworks */ = {isa = PBXBuildFile; fileRef = E048E4CF776143C3DD18FD50 /* Pods_Stocks.framework */; };
		861FF52328512152003E940B /* MetricCollectionViewCell.swift in Sources */ = {isa = PBXBuildFile; fileRef = 861FF52228512152003E940B /* MetricCollectionViewCell.swift */; };
		8636267A283CC03A0017C876 /* Extensions.swift in Sources */ = {isa = PBXBuildFile; fileRef = 86362679283CC03A0017C876 /* Extensions.swift */; };
		8636267C283CC5EF0017C876 /* SearchResultsTableViewCell.swift in Sources */ = {isa = PBXBuildFile; fileRef = 8636267B283CC5EF0017C876 /* SearchResultsTableViewCell.swift */; };
		864325892849F95800A69F42 /* NewsStoryTableViewCell.swift in Sources */ = {isa = PBXBuildFile; fileRef = 864325882849F95800A69F42 /* NewsStoryTableViewCell.swift */; };
		8643258B284A30F000A69F42 /* MarketDataResponse.swift in Sources */ = {isa = PBXBuildFile; fileRef = 8643258A284A30F000A69F42 /* MarketDataResponse.swift */; };
		8643258D284A8F2600A69F42 /* WatchListTableViewCell.swift in Sources */ = {isa = PBXBuildFile; fileRef = 8643258C284A8F2600A69F42 /* WatchListTableViewCell.swift */; };
		8643258F284A928B00A69F42 /* StockChartView.swift in Sources */ = {isa = PBXBuildFile; fileRef = 8643258E284A928B00A69F42 /* StockChartView.swift */; };
		866A05F328460C0800933735 /* PanelViewController.swift in Sources */ = {isa = PBXBuildFile; fileRef = 866A05F228460C0800933735 /* PanelViewController.swift */; };
		868A7261283E2ECD00223FBA /* SearchResponse.swift in Sources */ = {isa = PBXBuildFile; fileRef = 868A7260283E2ECD00223FBA /* SearchResponse.swift */; };
		86AD75CB283B7DC100B697AA /* AppDelegate.swift in Sources */ = {isa = PBXBuildFile; fileRef = 86AD75CA283B7DC100B697AA /* AppDelegate.swift */; };
		86AD75CD283B7DC100B697AA /* SceneDelegate.swift in Sources */ = {isa = PBXBuildFile; fileRef = 86AD75CC283B7DC100B697AA /* SceneDelegate.swift */; };
		86AD75CF283B7DC100B697AA /* WatchListViewController.swift in Sources */ = {isa = PBXBuildFile; fileRef = 86AD75CE283B7DC100B697AA /* WatchListViewController.swift */; };
		86AD75D4283B7DC400B697AA /* Assets.xcassets in Resources */ = {isa = PBXBuildFile; fileRef = 86AD75D3283B7DC400B697AA /* Assets.xcassets */; };
		86AD75D7283B7DC400B697AA /* LaunchScreen.storyboard in Resources */ = {isa = PBXBuildFile; fileRef = 86AD75D5283B7DC400B697AA /* LaunchScreen.storyboard */; };
		86AD75E4283B7F0600B697AA /* NewsViewController.swift in Sources */ = {isa = PBXBuildFile; fileRef = 86AD75E3283B7F0600B697AA /* NewsViewController.swift */; };
		86AD75E6283B7F1E00B697AA /* SearchResultsViewController.swift in Sources */ = {isa = PBXBuildFile; fileRef = 86AD75E5283B7F1E00B697AA /* SearchResultsViewController.swift */; };
		86AD75E8283B7F2A00B697AA /* StockDetailsViewController.swift in Sources */ = {isa = PBXBuildFile; fileRef = 86AD75E7283B7F2A00B697AA /* StockDetailsViewController.swift */; };
		86AD75EA283B806400B697AA /* APICaller.swift in Sources */ = {isa = PBXBuildFile; fileRef = 86AD75E9283B806400B697AA /* APICaller.swift */; };
		86AD75EC283B808700B697AA /* PersistanceManager.swift in Sources */ = {isa = PBXBuildFile; fileRef = 86AD75EB283B808700B697AA /* PersistanceManager.swift */; };
		86AD75EE283B80A300B697AA /* HapticsManager.swift in Sources */ = {isa = PBXBuildFile; fileRef = 86AD75ED283B80A300B697AA /* HapticsManager.swift */; };
		86BD8A7628474E5500C446BF /* NewsHeaderView.swift in Sources */ = {isa = PBXBuildFile; fileRef = 86BD8A7528474E5500C446BF /* NewsHeaderView.swift */; };
		86BD8A7828475CD800C446BF /* NewsStory.swift in Sources */ = {isa = PBXBuildFile; fileRef = 86BD8A7728475CD800C446BF /* NewsStory.swift */; };
		86F150C22850D86C0007FC48 /* FinancialMetricsResponse.swift in Sources */ = {isa = PBXBuildFile; fileRef = 86F150C12850D86C0007FC48 /* FinancialMetricsResponse.swift */; };
		86F150C42850DBAF0007FC48 /* StockDetailHeaderView.swift in Sources */ = {isa = PBXBuildFile; fileRef = 86F150C32850DBAF0007FC48 /* StockDetailHeaderView.swift */; };
/* End PBXBuildFile section */

/* Begin PBXFileReference section */
		21E3DEA6F23E78A5C95DCC1C /* Pods-Stocks.debug.xcconfig */ = {isa = PBXFileReference; includeInIndex = 1; lastKnownFileType = text.xcconfig; name = "Pods-Stocks.debug.xcconfig"; path = "Target Support Files/Pods-Stocks/Pods-Stocks.debug.xcconfig"; sourceTree = "<group>"; };
		861FF52228512152003E940B /* MetricCollectionViewCell.swift */ = {isa = PBXFileReference; lastKnownFileType = sourcecode.swift; path = MetricCollectionViewCell.swift; sourceTree = "<group>"; };
		86362679283CC03A0017C876 /* Extensions.swift */ = {isa = PBXFileReference; lastKnownFileType = sourcecode.swift; path = Extensions.swift; sourceTree = "<group>"; };
		8636267B283CC5EF0017C876 /* SearchResultsTableViewCell.swift */ = {isa = PBXFileReference; lastKnownFileType = sourcecode.swift; path = SearchResultsTableViewCell.swift; sourceTree = "<group>"; };
		864325882849F95800A69F42 /* NewsStoryTableViewCell.swift */ = {isa = PBXFileReference; lastKnownFileType = sourcecode.swift; path = NewsStoryTableViewCell.swift; sourceTree = "<group>"; };
		8643258A284A30F000A69F42 /* MarketDataResponse.swift */ = {isa = PBXFileReference; lastKnownFileType = sourcecode.swift; path = MarketDataResponse.swift; sourceTree = "<group>"; };
		8643258C284A8F2600A69F42 /* WatchListTableViewCell.swift */ = {isa = PBXFileReference; lastKnownFileType = sourcecode.swift; path = WatchListTableViewCell.swift; sourceTree = "<group>"; };
		8643258E284A928B00A69F42 /* StockChartView.swift */ = {isa = PBXFileReference; lastKnownFileType = sourcecode.swift; path = StockChartView.swift; sourceTree = "<group>"; };
		866A05F228460C0800933735 /* PanelViewController.swift */ = {isa = PBXFileReference; lastKnownFileType = sourcecode.swift; path = PanelViewController.swift; sourceTree = "<group>"; };
		868A7260283E2ECD00223FBA /* SearchResponse.swift */ = {isa = PBXFileReference; lastKnownFileType = sourcecode.swift; path = SearchResponse.swift; sourceTree = "<group>"; };
		86AD75C7283B7DC100B697AA /* Stocks.app */ = {isa = PBXFileReference; explicitFileType = wrapper.application; includeInIndex = 0; path = Stocks.app; sourceTree = BUILT_PRODUCTS_DIR; };
		86AD75CA283B7DC100B697AA /* AppDelegate.swift */ = {isa = PBXFileReference; lastKnownFileType = sourcecode.swift; path = AppDelegate.swift; sourceTree = "<group>"; };
		86AD75CC283B7DC100B697AA /* SceneDelegate.swift */ = {isa = PBXFileReference; lastKnownFileType = sourcecode.swift; path = SceneDelegate.swift; sourceTree = "<group>"; };
		86AD75CE283B7DC100B697AA /* WatchListViewController.swift */ = {isa = PBXFileReference; lastKnownFileType = sourcecode.swift; path = WatchListViewController.swift; sourceTree = "<group>"; };
		86AD75D3283B7DC400B697AA /* Assets.xcassets */ = {isa = PBXFileReference; lastKnownFileType = folder.assetcatalog; path = Assets.xcassets; sourceTree = "<group>"; };
		86AD75D6283B7DC400B697AA /* Base */ = {isa = PBXFileReference; lastKnownFileType = file.storyboard; name = Base; path = Base.lproj/LaunchScreen.storyboard; sourceTree = "<group>"; };
		86AD75D8283B7DC400B697AA /* Info.plist */ = {isa = PBXFileReference; lastKnownFileType = text.plist.xml; path = Info.plist; sourceTree = "<group>"; };
		86AD75E3283B7F0600B697AA /* NewsViewController.swift */ = {isa = PBXFileReference; lastKnownFileType = sourcecode.swift; path = NewsViewController.swift; sourceTree = "<group>"; };
		86AD75E5283B7F1E00B697AA /* SearchResultsViewController.swift */ = {isa = PBXFileReference; lastKnownFileType = sourcecode.swift; path = SearchResultsViewController.swift; sourceTree = "<group>"; };
		86AD75E7283B7F2A00B697AA /* StockDetailsViewController.swift */ = {isa = PBXFileReference; lastKnownFileType = sourcecode.swift; path = StockDetailsViewController.swift; sourceTree = "<group>"; };
		86AD75E9283B806400B697AA /* APICaller.swift */ = {isa = PBXFileReference; lastKnownFileType = sourcecode.swift; path = APICaller.swift; sourceTree = "<group>"; };
		86AD75EB283B808700B697AA /* PersistanceManager.swift */ = {isa = PBXFileReference; lastKnownFileType = sourcecode.swift; path = PersistanceManager.swift; sourceTree = "<group>"; };
		86AD75ED283B80A300B697AA /* HapticsManager.swift */ = {isa = PBXFileReference; lastKnownFileType = sourcecode.swift; path = HapticsManager.swift; sourceTree = "<group>"; };
		86BD8A7528474E5500C446BF /* NewsHeaderView.swift */ = {isa = PBXFileReference; lastKnownFileType = sourcecode.swift; path = NewsHeaderView.swift; sourceTree = "<group>"; };
		86BD8A7728475CD800C446BF /* NewsStory.swift */ = {isa = PBXFileReference; lastKnownFileType = sourcecode.swift; path = NewsStory.swift; sourceTree = "<group>"; };
		86F150C12850D86C0007FC48 /* FinancialMetricsResponse.swift */ = {isa = PBXFileReference; lastKnownFileType = sourcecode.swift; path = FinancialMetricsResponse.swift; sourceTree = "<group>"; };
		86F150C32850DBAF0007FC48 /* StockDetailHeaderView.swift */ = {isa = PBXFileReference; lastKnownFileType = sourcecode.swift; path = StockDetailHeaderView.swift; sourceTree = "<group>"; };
		B61EABEA9501B8E5CBBC0A99 /* Pods-Stocks.release.xcconfig */ = {isa = PBXFileReference; includeInIndex = 1; lastKnownFileType = text.xcconfig; name = "Pods-Stocks.release.xcconfig"; path = "Target Support Files/Pods-Stocks/Pods-Stocks.release.xcconfig"; sourceTree = "<group>"; };
		E048E4CF776143C3DD18FD50 /* Pods_Stocks.framework */ = {isa = PBXFileReference; explicitFileType = wrapper.framework; includeInIndex = 0; path = Pods_Stocks.framework; sourceTree = BUILT_PRODUCTS_DIR; };
/* End PBXFileReference section */

/* Begin PBXFrameworksBuildPhase section */
		86AD75C4283B7DC100B697AA /* Frameworks */ = {
			isa = PBXFrameworksBuildPhase;
			buildActionMask = 2147483647;
			files = (
				4F4D24699CC5299A3407BB97 /* Pods_Stocks.framework in Frameworks */,
			);
			runOnlyForDeploymentPostprocessing = 0;
		};
/* End PBXFrameworksBuildPhase section */

/* Begin PBXGroup section */
		3BA6DB6AC1A9F54C4E326B90 /* Pods */ = {
			isa = PBXGroup;
			children = (
				21E3DEA6F23E78A5C95DCC1C /* Pods-Stocks.debug.xcconfig */,
				B61EABEA9501B8E5CBBC0A99 /* Pods-Stocks.release.xcconfig */,
			);
			path = Pods;
			sourceTree = "<group>";
		};
		6F027597956035E5084FAD7D /* Frameworks */ = {
			isa = PBXGroup;
			children = (
				E048E4CF776143C3DD18FD50 /* Pods_Stocks.framework */,
			);
			name = Frameworks;
			sourceTree = "<group>";
		};
		86AD75BE283B7DC100B697AA = {
			isa = PBXGroup;
			children = (
				86AD75C9283B7DC100B697AA /* Stocks */,
				86AD75C8283B7DC100B697AA /* Products */,
				3BA6DB6AC1A9F54C4E326B90 /* Pods */,
				6F027597956035E5084FAD7D /* Frameworks */,
			);
			sourceTree = "<group>";
		};
		86AD75C8283B7DC100B697AA /* Products */ = {
			isa = PBXGroup;
			children = (
				86AD75C7283B7DC100B697AA /* Stocks.app */,
			);
			name = Products;
			sourceTree = "<group>";
		};
		86AD75C9283B7DC100B697AA /* Stocks */ = {
			isa = PBXGroup;
			children = (
				86AD75E2283B7E3400B697AA /* Other */,
				86AD75DF283B7E0B00B697AA /* Views */,
				86AD75E1283B7E3000B697AA /* Managers */,
				86AD75DE283B7E0700B697AA /* Models */,
				86AD75E0283B7E0F00B697AA /* Controllers */,
				86AD75D8283B7DC400B697AA /* Info.plist */,
			);
			path = Stocks;
			sourceTree = "<group>";
		};
		86AD75DE283B7E0700B697AA /* Models */ = {
			isa = PBXGroup;
			children = (
				868A7260283E2ECD00223FBA /* SearchResponse.swift */,
				86BD8A7728475CD800C446BF /* NewsStory.swift */,
				8643258A284A30F000A69F42 /* MarketDataResponse.swift */,
				86F150C12850D86C0007FC48 /* FinancialMetricsResponse.swift */,
			);
			path = Models;
			sourceTree = "<group>";
		};
		86AD75DF283B7E0B00B697AA /* Views */ = {
			isa = PBXGroup;
			children = (
				8636267B283CC5EF0017C876 /* SearchResultsTableViewCell.swift */,
				86BD8A7528474E5500C446BF /* NewsHeaderView.swift */,
				864325882849F95800A69F42 /* NewsStoryTableViewCell.swift */,
				8643258C284A8F2600A69F42 /* WatchListTableViewCell.swift */,
				8643258E284A928B00A69F42 /* StockChartView.swift */,
				86F150C32850DBAF0007FC48 /* StockDetailHeaderView.swift */,
				861FF52228512152003E940B /* MetricCollectionViewCell.swift */,
			);
			path = Views;
			sourceTree = "<group>";
		};
		86AD75E0283B7E0F00B697AA /* Controllers */ = {
			isa = PBXGroup;
			children = (
				86AD75CE283B7DC100B697AA /* WatchListViewController.swift */,
				86AD75E3283B7F0600B697AA /* NewsViewController.swift */,
				86AD75E5283B7F1E00B697AA /* SearchResultsViewController.swift */,
				86AD75E7283B7F2A00B697AA /* StockDetailsViewController.swift */,
				866A05F228460C0800933735 /* PanelViewController.swift */,
			);
			path = Controllers;
			sourceTree = "<group>";
		};
		86AD75E1283B7E3000B697AA /* Managers */ = {
			isa = PBXGroup;
			children = (
				86AD75E9283B806400B697AA /* APICaller.swift */,
				86AD75EB283B808700B697AA /* PersistanceManager.swift */,
				86AD75ED283B80A300B697AA /* HapticsManager.swift */,
			);
			path = Managers;
			sourceTree = "<group>";
		};
		86AD75E2283B7E3400B697AA /* Other */ = {
			isa = PBXGroup;
			children = (
				86AD75CA283B7DC100B697AA /* AppDelegate.swift */,
				86AD75CC283B7DC100B697AA /* SceneDelegate.swift */,
				86AD75D3283B7DC400B697AA /* Assets.xcassets */,
				86AD75D5283B7DC400B697AA /* LaunchScreen.storyboard */,
				86362679283CC03A0017C876 /* Extensions.swift */,
			);
			path = Other;
			sourceTree = "<group>";
		};
/* End PBXGroup section */

/* Begin PBXNativeTarget section */
		86AD75C6283B7DC100B697AA /* Stocks */ = {
			isa = PBXNativeTarget;
			buildConfigurationList = 86AD75DB283B7DC400B697AA /* Build configuration list for PBXNativeTarget "Stocks" */;
			buildPhases = (
				9A4202339E22F131886E2842 /* [CP] Check Pods Manifest.lock */,
				86AD75C3283B7DC100B697AA /* Sources */,
				86AD75C4283B7DC100B697AA /* Frameworks */,
				86AD75C5283B7DC100B697AA /* Resources */,
				E7ADCDECBA53428CCCD775B2 /* [CP] Embed Pods Frameworks */,
			);
			buildRules = (
			);
			dependencies = (
			);
			name = Stocks;
			productName = Stocks;
			productReference = 86AD75C7283B7DC100B697AA /* Stocks.app */;
			productType = "com.apple.product-type.application";
		};
/* End PBXNativeTarget section */

/* Begin PBXProject section */
		86AD75BF283B7DC100B697AA /* Project object */ = {
			isa = PBXProject;
			attributes = {
				BuildIndependentTargetsInParallel = 1;
				LastSwiftUpdateCheck = 1330;
				LastUpgradeCheck = 1330;
				TargetAttributes = {
					86AD75C6283B7DC100B697AA = {
						CreatedOnToolsVersion = 13.3;
					};
				};
			};
			buildConfigurationList = 86AD75C2283B7DC100B697AA /* Build configuration list for PBXProject "Stocks" */;
			compatibilityVersion = "Xcode 13.0";
			developmentRegion = en;
			hasScannedForEncodings = 0;
			knownRegions = (
				en,
				Base,
			);
			mainGroup = 86AD75BE283B7DC100B697AA;
			productRefGroup = 86AD75C8283B7DC100B697AA /* Products */;
			projectDirPath = "";
			projectRoot = "";
			targets = (
				86AD75C6283B7DC100B697AA /* Stocks */,
			);
		};
/* End PBXProject section */

/* Begin PBXResourcesBuildPhase section */
		86AD75C5283B7DC100B697AA /* Resources */ = {
			isa = PBXResourcesBuildPhase;
			buildActionMask = 2147483647;
			files = (
				86AD75D7283B7DC400B697AA /* LaunchScreen.storyboard in Resources */,
				86AD75D4283B7DC400B697AA /* Assets.xcassets in Resources */,
			);
			runOnlyForDeploymentPostprocessing = 0;
		};
/* End PBXResourcesBuildPhase section */

/* Begin PBXShellScriptBuildPhase section */
		9A4202339E22F131886E2842 /* [CP] Check Pods Manifest.lock */ = {
			isa = PBXShellScriptBuildPhase;
			buildActionMask = 2147483647;
			files = (
			);
			inputFileListPaths = (
			);
			inputPaths = (
				"${PODS_PODFILE_DIR_PATH}/Podfile.lock",
				"${PODS_ROOT}/Manifest.lock",
			);
			name = "[CP] Check Pods Manifest.lock";
			outputFileListPaths = (
			);
			outputPaths = (
				"$(DERIVED_FILE_DIR)/Pods-Stocks-checkManifestLockResult.txt",
			);
			runOnlyForDeploymentPostprocessing = 0;
			shellPath = /bin/sh;
			shellScript = "diff \"${PODS_PODFILE_DIR_PATH}/Podfile.lock\" \"${PODS_ROOT}/Manifest.lock\" > /dev/null\nif [ $? != 0 ] ; then\n    # print error to STDERR\n    echo \"error: The sandbox is not in sync with the Podfile.lock. Run 'pod install' or update your CocoaPods installation.\" >&2\n    exit 1\nfi\n# This output is used by Xcode 'outputs' to avoid re-running this script phase.\necho \"SUCCESS\" > \"${SCRIPT_OUTPUT_FILE_0}\"\n";
			showEnvVarsInLog = 0;
		};
		E7ADCDECBA53428CCCD775B2 /* [CP] Embed Pods Frameworks */ = {
			isa = PBXShellScriptBuildPhase;
			buildActionMask = 2147483647;
			files = (
			);
			inputFileListPaths = (
				"${PODS_ROOT}/Target Support Files/Pods-Stocks/Pods-Stocks-frameworks-${CONFIGURATION}-input-files.xcfilelist",
			);
			name = "[CP] Embed Pods Frameworks";
			outputFileListPaths = (
				"${PODS_ROOT}/Target Support Files/Pods-Stocks/Pods-Stocks-frameworks-${CONFIGURATION}-output-files.xcfilelist",
			);
			runOnlyForDeploymentPostprocessing = 0;
			shellPath = /bin/sh;
			shellScript = "\"${PODS_ROOT}/Target Support Files/Pods-Stocks/Pods-Stocks-frameworks.sh\"\n";
			showEnvVarsInLog = 0;
		};
/* End PBXShellScriptBuildPhase section */

/* Begin PBXSourcesBuildPhase section */
		86AD75C3283B7DC100B697AA /* Sources */ = {
			isa = PBXSourcesBuildPhase;
			buildActionMask = 2147483647;
			files = (
				8636267C283CC5EF0017C876 /* SearchResultsTableViewCell.swift in Sources */,
				86F150C22850D86C0007FC48 /* FinancialMetricsResponse.swift in Sources */,
				86AD75E8283B7F2A00B697AA /* StockDetailsViewController.swift in Sources */,
				86AD75EE283B80A300B697AA /* HapticsManager.swift in Sources */,
				86AD75E4283B7F0600B697AA /* NewsViewController.swift in Sources */,
				86AD75CF283B7DC100B697AA /* WatchListViewController.swift in Sources */,
				86AD75EA283B806400B697AA /* APICaller.swift in Sources */,
				86BD8A7628474E5500C446BF /* NewsHeaderView.swift in Sources */,
				8636267A283CC03A0017C876 /* Extensions.swift in Sources */,
				86F150C42850DBAF0007FC48 /* StockDetailHeaderView.swift in Sources */,
				861FF52328512152003E940B /* MetricCollectionViewCell.swift in Sources */,
				864325892849F95800A69F42 /* NewsStoryTableViewCell.swift in Sources */,
				8643258F284A928B00A69F42 /* StockChartView.swift in Sources */,
				86AD75CB283B7DC100B697AA /* AppDelegate.swift in Sources */,
				868A7261283E2ECD00223FBA /* SearchResponse.swift in Sources */,
				86BD8A7828475CD800C446BF /* NewsStory.swift in Sources */,
				86AD75CD283B7DC100B697AA /* SceneDelegate.swift in Sources */,
				86AD75E6283B7F1E00B697AA /* SearchResultsViewController.swift in Sources */,
				866A05F328460C0800933735 /* PanelViewController.swift in Sources */,
				8643258D284A8F2600A69F42 /* WatchListTableViewCell.swift in Sources */,
				8643258B284A30F000A69F42 /* MarketDataResponse.swift in Sources */,
				86AD75EC283B808700B697AA /* PersistanceManager.swift in Sources */,
			);
			runOnlyForDeploymentPostprocessing = 0;
		};
/* End PBXSourcesBuildPhase section */

/* Begin PBXVariantGroup section */
		86AD75D5283B7DC400B697AA /* LaunchScreen.storyboard */ = {
			isa = PBXVariantGroup;
			children = (
				86AD75D6283B7DC400B697AA /* Base */,
			);
			name = LaunchScreen.storyboard;
			sourceTree = "<group>";
		};
/* End PBXVariantGroup section */

/* Begin XCBuildConfiguration section */
		86AD75D9283B7DC400B697AA /* Debug */ = {
			isa = XCBuildConfiguration;
			buildSettings = {
				ALWAYS_SEARCH_USER_PATHS = NO;
				CLANG_ANALYZER_NONNULL = YES;
				CLANG_ANALYZER_NUMBER_OBJECT_CONVERSION = YES_AGGRESSIVE;
				CLANG_CXX_LANGUAGE_STANDARD = "gnu++17";
				CLANG_ENABLE_MODULES = YES;
				CLANG_ENABLE_OBJC_ARC = YES;
				CLANG_ENABLE_OBJC_WEAK = YES;
				CLANG_WARN_BLOCK_CAPTURE_AUTORELEASING = YES;
				CLANG_WARN_BOOL_CONVERSION = YES;
				CLANG_WARN_COMMA = YES;
				CLANG_WARN_CONSTANT_CONVERSION = YES;
				CLANG_WARN_DEPRECATED_OBJC_IMPLEMENTATIONS = YES;
				CLANG_WARN_DIRECT_OBJC_ISA_USAGE = YES_ERROR;
				CLANG_WARN_DOCUMENTATION_COMMENTS = YES;
				CLANG_WARN_EMPTY_BODY = YES;
				CLANG_WARN_ENUM_CONVERSION = YES;
				CLANG_WARN_INFINITE_RECURSION = YES;
				CLANG_WARN_INT_CONVERSION = YES;
				CLANG_WARN_NON_LITERAL_NULL_CONVERSION = YES;
				CLANG_WARN_OBJC_IMPLICIT_RETAIN_SELF = YES;
				CLANG_WARN_OBJC_LITERAL_CONVERSION = YES;
				CLANG_WARN_OBJC_ROOT_CLASS = YES_ERROR;
				CLANG_WARN_QUOTED_INCLUDE_IN_FRAMEWORK_HEADER = YES;
				CLANG_WARN_RANGE_LOOP_ANALYSIS = YES;
				CLANG_WARN_STRICT_PROTOTYPES = YES;
				CLANG_WARN_SUSPICIOUS_MOVE = YES;
				CLANG_WARN_UNGUARDED_AVAILABILITY = YES_AGGRESSIVE;
				CLANG_WARN_UNREACHABLE_CODE = YES;
				CLANG_WARN__DUPLICATE_METHOD_MATCH = YES;
				COPY_PHASE_STRIP = NO;
				DEBUG_INFORMATION_FORMAT = dwarf;
				ENABLE_STRICT_OBJC_MSGSEND = YES;
				ENABLE_TESTABILITY = YES;
				GCC_C_LANGUAGE_STANDARD = gnu11;
				GCC_DYNAMIC_NO_PIC = NO;
				GCC_NO_COMMON_BLOCKS = YES;
				GCC_OPTIMIZATION_LEVEL = 0;
				GCC_PREPROCESSOR_DEFINITIONS = (
					"DEBUG=1",
					"$(inherited)",
				);
				GCC_WARN_64_TO_32_BIT_CONVERSION = YES;
				GCC_WARN_ABOUT_RETURN_TYPE = YES_ERROR;
				GCC_WARN_UNDECLARED_SELECTOR = YES;
				GCC_WARN_UNINITIALIZED_AUTOS = YES_AGGRESSIVE;
				GCC_WARN_UNUSED_FUNCTION = YES;
				GCC_WARN_UNUSED_VARIABLE = YES;
				IPHONEOS_DEPLOYMENT_TARGET = 15.4;
				MTL_ENABLE_DEBUG_INFO = INCLUDE_SOURCE;
				MTL_FAST_MATH = YES;
				ONLY_ACTIVE_ARCH = YES;
				SDKROOT = iphoneos;
				SWIFT_ACTIVE_COMPILATION_CONDITIONS = DEBUG;
				SWIFT_OPTIMIZATION_LEVEL = "-Onone";
			};
			name = Debug;
		};
		86AD75DA283B7DC400B697AA /* Release */ = {
			isa = XCBuildConfiguration;
			buildSettings = {
				ALWAYS_SEARCH_USER_PATHS = NO;
				CLANG_ANALYZER_NONNULL = YES;
				CLANG_ANALYZER_NUMBER_OBJECT_CONVERSION = YES_AGGRESSIVE;
				CLANG_CXX_LANGUAGE_STANDARD = "gnu++17";
				CLANG_ENABLE_MODULES = YES;
				CLANG_ENABLE_OBJC_ARC = YES;
				CLANG_ENABLE_OBJC_WEAK = YES;
				CLANG_WARN_BLOCK_CAPTURE_AUTORELEASING = YES;
				CLANG_WARN_BOOL_CONVERSION = YES;
				CLANG_WARN_COMMA = YES;
				CLANG_WARN_CONSTANT_CONVERSION = YES;
				CLANG_WARN_DEPRECATED_OBJC_IMPLEMENTATIONS = YES;
				CLANG_WARN_DIRECT_OBJC_ISA_USAGE = YES_ERROR;
				CLANG_WARN_DOCUMENTATION_COMMENTS = YES;
				CLANG_WARN_EMPTY_BODY = YES;
				CLANG_WARN_ENUM_CONVERSION = YES;
				CLANG_WARN_INFINITE_RECURSION = YES;
				CLANG_WARN_INT_CONVERSION = YES;
				CLANG_WARN_NON_LITERAL_NULL_CONVERSION = YES;
				CLANG_WARN_OBJC_IMPLICIT_RETAIN_SELF = YES;
				CLANG_WARN_OBJC_LITERAL_CONVERSION = YES;
				CLANG_WARN_OBJC_ROOT_CLASS = YES_ERROR;
				CLANG_WARN_QUOTED_INCLUDE_IN_FRAMEWORK_HEADER = YES;
				CLANG_WARN_RANGE_LOOP_ANALYSIS = YES;
				CLANG_WARN_STRICT_PROTOTYPES = YES;
				CLANG_WARN_SUSPICIOUS_MOVE = YES;
				CLANG_WARN_UNGUARDED_AVAILABILITY = YES_AGGRESSIVE;
				CLANG_WARN_UNREACHABLE_CODE = YES;
				CLANG_WARN__DUPLICATE_METHOD_MATCH = YES;
				COPY_PHASE_STRIP = NO;
				DEBUG_INFORMATION_FORMAT = "dwarf-with-dsym";
				ENABLE_NS_ASSERTIONS = NO;
				ENABLE_STRICT_OBJC_MSGSEND = YES;
				GCC_C_LANGUAGE_STANDARD = gnu11;
				GCC_NO_COMMON_BLOCKS = YES;
				GCC_WARN_64_TO_32_BIT_CONVERSION = YES;
				GCC_WARN_ABOUT_RETURN_TYPE = YES_ERROR;
				GCC_WARN_UNDECLARED_SELECTOR = YES;
				GCC_WARN_UNINITIALIZED_AUTOS = YES_AGGRESSIVE;
				GCC_WARN_UNUSED_FUNCTION = YES;
				GCC_WARN_UNUSED_VARIABLE = YES;
				IPHONEOS_DEPLOYMENT_TARGET = 15.4;
				MTL_ENABLE_DEBUG_INFO = NO;
				MTL_FAST_MATH = YES;
				SDKROOT = iphoneos;
				SWIFT_COMPILATION_MODE = wholemodule;
				SWIFT_OPTIMIZATION_LEVEL = "-O";
				VALIDATE_PRODUCT = YES;
			};
			name = Release;
		};
		86AD75DC283B7DC400B697AA /* Debug */ = {
			isa = XCBuildConfiguration;
			baseConfigurationReference = 21E3DEA6F23E78A5C95DCC1C /* Pods-Stocks.debug.xcconfig */;
			buildSettings = {
				ASSETCATALOG_COMPILER_APPICON_NAME = AppIcon;
				ASSETCATALOG_COMPILER_GLOBAL_ACCENT_COLOR_NAME = AccentColor;
				CODE_SIGN_STYLE = Automatic;
				CURRENT_PROJECT_VERSION = 1;
				DEVELOPMENT_TEAM = HSY5R94H24;
				GENERATE_INFOPLIST_FILE = YES;
				INFOPLIST_FILE = Stocks/Info.plist;
				INFOPLIST_KEY_UIApplicationSupportsIndirectInputEvents = YES;
				INFOPLIST_KEY_UILaunchStoryboardName = LaunchScreen;
				IPHONEOS_DEPLOYMENT_TARGET = 13.0;
				LD_RUNPATH_SEARCH_PATHS = (
					"$(inherited)",
					"@executable_path/Frameworks",
				);
				MARKETING_VERSION = 1.0;
				PRODUCT_BUNDLE_IDENTIFIER = "Nodirbek-s.Stocks";
				PRODUCT_NAME = "$(TARGET_NAME)";
				SWIFT_EMIT_LOC_STRINGS = YES;
				SWIFT_VERSION = 5.0;
				TARGETED_DEVICE_FAMILY = "1,2";
			};
			name = Debug;
		};
		86AD75DD283B7DC400B697AA /* Release */ = {
			isa = XCBuildConfiguration;
			baseConfigurationReference = B61EABEA9501B8E5CBBC0A99 /* Pods-Stocks.release.xcconfig */;
			buildSettings = {
				ASSETCATALOG_COMPILER_APPICON_NAME = AppIcon;
				ASSETCATALOG_COMPILER_GLOBAL_ACCENT_COLOR_NAME = AccentColor;
				CODE_SIGN_STYLE = Automatic;
				CURRENT_PROJECT_VERSION = 1;
				DEVELOPMENT_TEAM = HSY5R94H24;
				GENERATE_INFOPLIST_FILE = YES;
				INFOPLIST_FILE = Stocks/Info.plist;
				INFOPLIST_KEY_UIApplicationSupportsIndirectInputEvents = YES;
				INFOPLIST_KEY_UILaunchStoryboardName = LaunchScreen;
				INFOPLIST_KEY_UISupportedInterfaceOrientations_iPhone = "UIInterfaceOrientationPortrait UIInterfaceOrientationLandscapeLeft UIInterfaceOrientationLandscapeRight";
				IPHONEOS_DEPLOYMENT_TARGET = 13.0;
				LD_RUNPATH_SEARCH_PATHS = (
					"$(inherited)",
					"@executable_path/Frameworks",
				);
				MARKETING_VERSION = 1.0;
				PRODUCT_BUNDLE_IDENTIFIER = "Nodirbek-s.Stocks";
				PRODUCT_NAME = "$(TARGET_NAME)";
				SWIFT_EMIT_LOC_STRINGS = YES;
				SWIFT_VERSION = 5.0;
				TARGETED_DEVICE_FAMILY = "1,2";
			};
			name = Release;
		};
/* End XCBuildConfiguration section */

/* Begin XCConfigurationList section */
		86AD75C2283B7DC100B697AA /* Build configuration list for PBXProject "Stocks" */ = {
			isa = XCConfigurationList;
			buildConfigurations = (
				86AD75D9283B7DC400B697AA /* Debug */,
				86AD75DA283B7DC400B697AA /* Release */,
			);
			defaultConfigurationIsVisible = 0;
			defaultConfigurationName = Release;
		};
		86AD75DB283B7DC400B697AA /* Build configuration list for PBXNativeTarget "Stocks" */ = {
			isa = XCConfigurationList;
			buildConfigurations = (
				86AD75DC283B7DC400B697AA /* Debug */,
				86AD75DD283B7DC400B697AA /* Release */,
			);
			defaultConfigurationIsVisible = 0;
			defaultConfigurationName = Release;
		};
/* End XCConfigurationList section */
	};
	rootObject = 86AD75BF283B7DC100B697AA /* Project object */;
}
